{
    "_meta": {
        "hash": {
            "sha256": "5995f8ff0e8db5cdf6a93bfd31b299db69f714c1f9bfcc596af8c96d42af1839"
        },
        "pipfile-spec": 6,
        "requires": {
            "python_version": "3.7"
        },
        "sources": [
            {
                "name": "pypi",
                "url": "https://pypi.org/simple",
                "verify_ssl": true
            }
        ]
    },
    "default": {
        "atari-py": {
            "hashes": [
                "sha256:1edf44b1dcff5615833fe065e8d033caa00be295d9f37688dd04bd45bb7c0002",
                "sha256:2bea3c84913bf795aeef16cf9611cad6fa71db00460b5c375a10a0e03f6a566d",
                "sha256:43023615143c27ed77a050baa3a7afc3d00d4dae3e647d53129111b6d73a314f",
                "sha256:46c2627ff636e026575b47f2f01d4a2b353dc722100fd969488dcfdcb4ed0806",
                "sha256:4d54de91ff708045da45d9cd9f48c4f99366ede4caa5553c6b8001242487606c",
                "sha256:4f5b476f85e64bf1d03afb4e2f222efcd4e289d91ae1ce85a1c6c675c352f4c5",
                "sha256:537e96224557ba48e4a20fe23ffcdc317868135a3e32a65e79352a94cb349be1",
                "sha256:5419e75cbdfeebb668e91065714db2a3f4d54ebd0dab9520cb2e76d6e631eb97",
                "sha256:5f46844bf71736495a1557af5af3e7c4f5620aea132ab08189ffb945812846e5",
                "sha256:63ca3a23e18a40a969c60135ec5c6714cf43897933a8916de550ccc223f84403",
                "sha256:6be73abc6c48badd9bcb5db7ddf97c3aaf8b9808885c568c6f83e869374005e9",
                "sha256:6d80549e259cc94dac176733e573b40ae556745fc687cc433008d3124a5c82c0",
                "sha256:7a481c265fb58296f96cde0209190ad30640b593cc64611e441782b7884cd185",
                "sha256:804597763208d0b576baf66e69680e424dcbffca17fb983749dfe5e5744b360b",
                "sha256:a9703b7e5a3330465f71297918cb0e2bcdc086317388c0f43b4b1f93f4a9147b",
                "sha256:cb1b4355e3e4b628e272de8317e8dceeadeeabb821b33800409e17ffc3095e20",
                "sha256:d1441c080f50ca95991982509537bbdacb4435ca00af1dd22ca19d4237e6b5cc"
            ],
            "version": "==0.2.9"
        },
        "cloudpickle": {
            "hashes": [
                "sha256:38af54d0e7705d87a287bdefe1df00f936aadb1f629dca383e825cca927fa753",
                "sha256:8664761f810efc07dbb301459e413c99b68fcc6d8703912bd39d86618ac631e3"
            ],
            "version": "==1.3.0"
        },
        "future": {
            "hashes": [
                "sha256:b1bead90b70cf6ec3f0710ae53a525360fa360d306a86583adc6bf83a4db537d"
            ],
            "markers": "python_version >= '2.6' and python_version not in '3.0, 3.1, 3.2, 3.3'",
            "version": "==0.18.2"
        },
        "gym": {
            "extras": [
                "atari"
            ],
            "hashes": [
                "sha256:bb495aa56995b01274a2213423bf5ba05b8f4fd51c6dc61e9d4abddd1189718e"
            ],
            "index": "pypi",
            "version": "==0.17.2"
        },
        "numpy": {
            "hashes": [
                "sha256:00c9fa73a6989895b8815d98300a20ac993c49ac36c8277e8ffeaa3631c0dbbb",
                "sha256:025b497014bc33fc23897859350f284323f32a2fff7654697f5a5fc2a19e9939",
                "sha256:08de8472d9f7571f9d51b27b75e827f5296295fa78817032e84464be8bb905bc",
                "sha256:1964db2d4a00348b7a60ee9d013c8cb0c566644a589eaa80995126eac3b99ced",
                "sha256:2a9add27d7fc0fdb572abc3b2486eb3b1395da71e0254c5552b2aad2a18b5441",
                "sha256:2d8adfca843bc46ac199a4645233f13abf2011a0b2f4affc5c37cd552626f27b",
                "sha256:301e408a052fdcda5cdcf03021ebafc3c6ea093021bf9d1aa47c54d48bdad166",
                "sha256:311283acf880cfcc20369201bd75da907909afc4666966c7895cbed6f9d2c640",
                "sha256:341dddcfe3b7b6427a28a27baa59af5ad51baa59bfec3264f1ab287aa3b30b13",
                "sha256:3a5098df115340fb17fc93867317a947e1dcd978c3888c5ddb118366095851f8",
                "sha256:3c978544be9e04ed12016dd295a74283773149b48f507d69b36f91aa90a643e5",
                "sha256:3d893b0871322eaa2f8c7072cdb552d8e2b27645b7875a70833c31e9274d4611",
                "sha256:4fe6a006557b87b352c04596a6e3f12a57d6e5f401d804947bd3188e6b0e0e76",
                "sha256:507c05c7a37b3683eb08a3ff993bd1ee1e6c752f77c2f275260533b265ecdb6c",
                "sha256:58ca1d7c8aef6e996112d0ce873ac9dfa1eaf4a1196b4ff7ff73880a09923ba7",
                "sha256:61bada43d494515d5b122f4532af226fdb5ee08fe5b5918b111279843dc6836a",
                "sha256:69a5a8d71c308d7ef33ef72371c2388a90e3495dbb7993430e674006f94797d5",
                "sha256:6a5928bc6241264dce5ed509e66f33676fc97f464e7a919edc672fb5532221ee",
                "sha256:7b9d6b14fc9a4864b08d1ba57d732b248f0e482c7b2ff55c313137e3ed4d8449",
                "sha256:a7c4b701ca418cd39e28ec3b496e6388fe06de83f5f0cb74794fa31cfa384c02",
                "sha256:a7e8f6216f180f3fd4efb73de5d1eaefb5f5a1ee5b645c67333033e39440e63a",
                "sha256:b545ebadaa2b878c8630e5bcdb97fc4096e779f335fc0f943547c1c91540c815",
                "sha256:c293d3c0321996cd8ffe84215ffe5d269fd9d1d12c6f4ffe2b597a7c30d3e593",
                "sha256:c5562bcc1a9b61960fc8950ade44d00e3de28f891af0acc96307c73613d18f6e",
                "sha256:ca9c23848292c6fe0a19d212790e62f398fd9609aaa838859be8459bfbe558aa",
                "sha256:cc1b30205d138d1005adb52087ff45708febbef0e420386f58664f984ef56954",
                "sha256:dbce7adeb66b895c6aaa1fad796aaefc299ced597f6fbd9ceddb0dd735245354",
                "sha256:dc4b2fb01f1b4ddbe2453468ea0719f4dbb1f5caa712c8b21bb3dd1480cd30d9",
                "sha256:eed2afaa97ec33b4411995be12f8bdb95c87984eaa28d76cf628970c8a2d689a",
                "sha256:fc7a7d7b0ed72589fd8b8486b9b42a564f10b8762be8bd4d9df94b807af4a089"
            ],
            "markers": "python_version < '3.11' and python_version >= '3.7'",
            "version": "==1.21.5"
        },
        "opencv-python": {
            "hashes": [
                "sha256:408d5332550287aa797fd06bef47b2dfed163c6787668cc82ef9123a9484b56a",
                "sha256:6247e584813c00c3b9ed69a795da40d2c153dc923d0182e957e1c2f00a554ac2",
                "sha256:7787bb017ae93d5f9bb1b817ac8e13e45dd193743cb648498fcab21d00cf20a3",
                "sha256:a512a0c59b6fec0fac3844b2f47d6ecb1a9d18d235e6c5491ce8dbbe0663eae8",
                "sha256:b293ced62f4360d9f11cf72ae7e9df95320ff7bf5b834d87546f844e838c0c35",
                "sha256:ca6138b6903910e384067d001763d40f97656875487381aed32993b076f44375",
                "sha256:f65de0446a330c3b773cd04ba10345d8ce1b15dcac3f49770204e37602d0b3f7"
            ],
            "markers": "python_version >= '3.6'",
            "version": "==4.5.5.64"
        },
        "pillow": {
            "hashes": [
                "sha256:011233e0c42a4a7836498e98c1acf5e744c96a67dd5032a6f666cc1fb97eab97",
                "sha256:0f29d831e2151e0b7b39981756d201f7108d3d215896212ffe2e992d06bfe049",
                "sha256:12875d118f21cf35604176872447cdb57b07126750a33748bac15e77f90f1f9c",
                "sha256:14d4b1341ac07ae07eb2cc682f459bec932a380c3b122f5540432d8977e64eae",
                "sha256:1c3c33ac69cf059bbb9d1a71eeaba76781b450bc307e2291f8a4764d779a6b28",
                "sha256:1d19397351f73a88904ad1aee421e800fe4bbcd1aeee6435fb62d0a05ccd1030",
                "sha256:253e8a302a96df6927310a9d44e6103055e8fb96a6822f8b7f514bb7ef77de56",
                "sha256:2632d0f846b7c7600edf53c48f8f9f1e13e62f66a6dbc15191029d950bfed976",
                "sha256:335ace1a22325395c4ea88e00ba3dc89ca029bd66bd5a3c382d53e44f0ccd77e",
                "sha256:413ce0bbf9fc6278b2d63309dfeefe452835e1c78398efb431bab0672fe9274e",
                "sha256:5100b45a4638e3c00e4d2320d3193bdabb2d75e79793af7c3eb139e4f569f16f",
                "sha256:514ceac913076feefbeaf89771fd6febde78b0c4c1b23aaeab082c41c694e81b",
                "sha256:528a2a692c65dd5cafc130de286030af251d2ee0483a5bf50c9348aefe834e8a",
                "sha256:6295f6763749b89c994fcb6d8a7f7ce03c3992e695f89f00b741b4580b199b7e",
                "sha256:6c8bc8238a7dfdaf7a75f5ec5a663f4173f8c367e5a39f87e720495e1eed75fa",
                "sha256:718856856ba31f14f13ba885ff13874be7fefc53984d2832458f12c38205f7f7",
                "sha256:7f7609a718b177bf171ac93cea9fd2ddc0e03e84d8fa4e887bdfc39671d46b00",
                "sha256:80ca33961ced9c63358056bd08403ff866512038883e74f3a4bf88ad3eb66838",
                "sha256:80fe64a6deb6fcfdf7b8386f2cf216d329be6f2781f7d90304351811fb591360",
                "sha256:81c4b81611e3a3cb30e59b0cf05b888c675f97e3adb2c8672c3154047980726b",
                "sha256:855c583f268edde09474b081e3ddcd5cf3b20c12f26e0d434e1386cc5d318e7a",
                "sha256:9bfdb82cdfeccec50aad441afc332faf8606dfa5e8efd18a6692b5d6e79f00fd",
                "sha256:a5d24e1d674dd9d72c66ad3ea9131322819ff86250b30dc5821cbafcfa0b96b4",
                "sha256:a9f44cd7e162ac6191491d7249cceb02b8116b0f7e847ee33f739d7cb1ea1f70",
                "sha256:b5b3f092fe345c03bca1e0b687dfbb39364b21ebb8ba90e3fa707374b7915204",
                "sha256:b9618823bd237c0d2575283f2939655f54d51b4527ec3972907a927acbcc5bfc",
                "sha256:cef9c85ccbe9bee00909758936ea841ef12035296c748aaceee535969e27d31b",
                "sha256:d21237d0cd37acded35154e29aec853e945950321dd2ffd1a7d86fe686814669",
                "sha256:d3c5c79ab7dfce6d88f1ba639b77e77a17ea33a01b07b99840d6ed08031cb2a7",
                "sha256:d9d7942b624b04b895cb95af03a23407f17646815495ce4547f0e60e0b06f58e",
                "sha256:db6d9fac65bd08cea7f3540b899977c6dee9edad959fa4eaf305940d9cbd861c",
                "sha256:ede5af4a2702444a832a800b8eb7f0a7a1c0eed55b644642e049c98d589e5092",
                "sha256:effb7749713d5317478bb3acb3f81d9d7c7f86726d41c1facca068a04cf5bb4c",
                "sha256:f154d173286a5d1863637a7dcd8c3437bb557520b01bddb0be0258dcb72696b5",
                "sha256:f25ed6e28ddf50de7e7ea99d7a976d6a9c415f03adcaac9c41ff6ff41b6d86ac"
            ],
            "index": "pypi",
            "version": "==9.0.1"
        },
        "psutil": {
            "hashes": [
                "sha256:0ee3c36428f160d2d8fce3c583a0353e848abb7de9732c50cf3356dd49ad63f8",
                "sha256:10512b46c95b02842c225f58fa00385c08fa00c68bac7da2d9a58ebe2c517498",
                "sha256:4080869ed93cce662905b029a1770fe89c98787e543fa7347f075ade761b19d6",
                "sha256:5e9d0f26d4194479a13d5f4b3798260c20cecf9ac9a461e718eb59ea520a360c",
                "sha256:66c18ca7680a31bf16ee22b1d21b6397869dda8059dbdb57d9f27efa6615f195",
                "sha256:68d36986ded5dac7c2dcd42f2682af1db80d4bce3faa126a6145c1637e1b559f",
                "sha256:90990af1c3c67195c44c9a889184f84f5b2320dce3ee3acbd054e3ba0b4a7beb",
                "sha256:a5b120bb3c0c71dfe27551f9da2f3209a8257a178ed6c628a819037a8df487f1",
                "sha256:d8a82162f23c53b8525cf5f14a355f5d1eea86fa8edde27287dd3a98399e4fdf",
                "sha256:f2018461733b23f308c298653c8903d32aaad7873d25e1d228765e91ae42c3f2",
                "sha256:ff1977ba1a5f71f89166d5145c3da1cea89a0fdb044075a12c720ee9123ec818"
            ],
            "index": "pypi",
            "version": "==5.7.2"
        },
        "pyglet": {
            "hashes": [
                "sha256:6ea918985feddfa9bf0fcc01ffe9ff5849e7b6e832d9b2e03b9d2a36369cb6ee",
                "sha256:a42f599ebd0dc8113563041c402ae09be05cdcbc643bb1183785141ba3c3304e"
            ],
            "version": "==1.5.0"
        },
        "scipy": {
            "hashes": [
                "sha256:033ce76ed4e9f62923e1f8124f7e2b0800db533828c853b402c7eec6e9465d80",
                "sha256:173308efba2270dcd61cd45a30dfded6ec0085b4b6eb33b5eb11ab443005e088",
                "sha256:21b66200cf44b1c3e86495e3a436fc7a26608f92b8d43d344457c54f1c024cbc",
                "sha256:2c56b820d304dffcadbbb6cbfbc2e2c79ee46ea291db17e288e73cd3c64fefa9",
                "sha256:304dfaa7146cffdb75fbf6bb7c190fd7688795389ad060b970269c8576d038e9",
                "sha256:3f78181a153fa21c018d346f595edd648344751d7f03ab94b398be2ad083ed3e",
                "sha256:4d242d13206ca4302d83d8a6388c9dfce49fc48fdd3c20efad89ba12f785bf9e",
                "sha256:5d1cc2c19afe3b5a546ede7e6a44ce1ff52e443d12b231823268019f608b9b12",
                "sha256:5f2cfc359379c56b3a41b17ebd024109b2049f878badc1e454f31418c3a18436",
                "sha256:65bd52bf55f9a1071398557394203d881384d27b9c2cad7df9a027170aeaef93",
                "sha256:7edd9a311299a61e9919ea4192dd477395b50c014cdc1a1ac572d7c27e2207fa",
                "sha256:8499d9dd1459dc0d0fe68db0832c3d5fc1361ae8e13d05e6849b358dc3f2c279",
                "sha256:866ada14a95b083dd727a845a764cf95dd13ba3dc69a16b99038001b05439709",
                "sha256:87069cf875f0262a6e3187ab0f419f5b4280d3dcf4811ef9613c605f6e4dca95",
                "sha256:93378f3d14fff07572392ce6a6a2ceb3a1f237733bd6dcb9eb6a2b29b0d19085",
                "sha256:95c2d250074cfa76715d58830579c64dff7354484b284c2b8b87e5a38321672c",
                "sha256:ab5875facfdef77e0a47d5fd39ea178b58e60e454a4c85aa1e52fcb80db7babf",
                "sha256:b0e0aeb061a1d7dcd2ed59ea57ee56c9b23dd60100825f98238c06ee5cc4467e",
                "sha256:b78a35c5c74d336f42f44106174b9851c783184a85a3fe3e68857259b37b9ffb",
                "sha256:c9e04d7e9b03a8a6ac2045f7c5ef741be86727d8f49c45db45f244bdd2bcff17",
                "sha256:ca36e7d9430f7481fc7d11e015ae16fbd5575615a8e9060538104778be84addf",
                "sha256:ceebc3c4f6a109777c0053dfa0282fddb8893eddfb0d598574acfb734a926168",
                "sha256:e2c036492e673aad1b7b0d0ccdc0cb30a968353d2c4bf92ac8e73509e1bf212c",
                "sha256:eb326658f9b73c07081300daba90a8746543b5ea177184daed26528273157294",
                "sha256:eb7ae2c4dbdb3c9247e07acc532f91077ae6dbc40ad5bd5dca0bb5a176ee9bda",
                "sha256:edad1cf5b2ce1912c4d8ddad20e11d333165552aba262c882e28c78bbc09dbf6",
                "sha256:eef93a446114ac0193a7b714ce67659db80caf940f3232bad63f4c7a81bc18df",
                "sha256:f7eaea089345a35130bc9a39b89ec1ff69c208efa97b3f8b25ea5d4c41d88094",
                "sha256:f99d206db1f1ae735a8192ab93bd6028f3a42f6fa08467d37a14eb96c9dd34a3"
            ],
            "markers": "python_version < '3.11' and python_version >= '3.7'",
            "version": "==1.7.3"
        },
        "six": {
            "hashes": [
                "sha256:1e61c37477a1626458e36f7b1d82aa5c9b094fa4802892072e49de9c60c4c926",
                "sha256:8abb2f1d86890a2dfb989f9a77cfcfd3e47c2a354b01111771326f8aa26e0254"
            ],
            "markers": "python_version >= '2.7' and python_version not in '3.0, 3.1, 3.2, 3.3'",
            "version": "==1.16.0"
        }
    },
    "develop": {
        "autopep8": {
            "hashes": [
                "sha256:60fd8c4341bab59963dafd5d2a566e94f547e660b9b396f772afe67d8481dbf0"
            ],
            "index": "pypi",
            "version": "==1.5.3"
        },
        "flake8": {
            "hashes": [
                "sha256:15e351d19611c887e482fb960eae4d44845013cc142d42896e9862f775d8cf5c",
                "sha256:f04b9fcbac03b0a3e58c0ab3a0ecc462e023a9faf046d57794184028123aa208"
            ],
            "index": "pypi",
            "version": "==3.8.3"
        },
        "flake8-polyfill": {
            "hashes": [
                "sha256:12be6a34ee3ab795b19ca73505e7b55826d5f6ad7230d31b18e106400169b9e9",
                "sha256:e44b087597f6da52ec6393a709e7108b2905317d0c0b744cdca6208e670d8eda"
            ],
            "version": "==1.0.2"
        },
        "importlib-metadata": {
            "hashes": [
                "sha256:b36ffa925fe3139b2f6ff11d6925ffd4fa7bc47870165e3ac260ac7b4f91e6ac",
                "sha256:d16e8c1deb60de41b8e8ed21c1a7b947b0bc62fab7e1d470bcdf331cea2e6735"
            ],
            "markers": "python_version < '3.8'",
            "version": "==4.11.2"
        },
        "mccabe": {
            "hashes": [
                "sha256:ab8a6258860da4b6677da4bd2fe5dc2c659cff31b3ee4f7f5d64e79735b80d42",
                "sha256:dd8d182285a0fe56bace7f45b5e7d1a6ebcbf524e8f3bd87eb0f125271b8831f"
            ],
            "version": "==0.6.1"
        },
        "mypy": {
            "hashes": [
                "sha256:2c6cde8aa3426c1682d35190b59b71f661237d74b053822ea3d748e2c9578a7c",
                "sha256:3fdda71c067d3ddfb21da4b80e2686b71e9e5c72cca65fa216d207a358827f86",
                "sha256:5dd13ff1f2a97f94540fd37a49e5d255950ebcdf446fb597463a40d0df3fac8b",
                "sha256:6731603dfe0ce4352c555c6284c6db0dc935b685e9ce2e4cf220abe1e14386fd",
                "sha256:6bb93479caa6619d21d6e7160c552c1193f6952f0668cdda2f851156e85186fc",
                "sha256:81c7908b94239c4010e16642c9102bfc958ab14e36048fa77d0be3289dda76ea",
                "sha256:9c7a9a7ceb2871ba4bac1cf7217a7dd9ccd44c27c2950edbc6dc08530f32ad4e",
                "sha256:a4a2cbcfc4cbf45cd126f531dedda8485671545b43107ded25ce952aac6fb308",
                "sha256:b7fbfabdbcc78c4f6fc4712544b9b0d6bf171069c6e0e3cb82440dd10ced3406",
                "sha256:c05b9e4fb1d8a41d41dec8786c94f3b95d3c5f528298d769eb8e73d293abc48d",
                "sha256:d7df6eddb6054d21ca4d3c6249cae5578cb4602951fd2b6ee2f5510ffb098707",
                "sha256:e0b61738ab504e656d1fe4ff0c0601387a5489ca122d55390ade31f9ca0e252d",
                "sha256:eff7d4a85e9eea55afa34888dfeaccde99e7520b51f867ac28a48492c0b1130c",
                "sha256:f05644db6779387ccdb468cc47a44b4356fc2ffa9287135d05b70a98dc83b89a"
            ],
            "index": "pypi",
            "version": "==0.782"
        },
        "mypy-extensions": {
            "hashes": [
                "sha256:090fedd75945a69ae91ce1303b5824f428daf5a028d2f6ab8a299250a846f15d",
                "sha256:2d82818f5bb3e369420cb3c4060a7970edba416647068eb4c5343488a6c604a8"
            ],
            "version": "==0.4.3"
        },
        "pep8-naming": {
            "hashes": [
                "sha256:a1dd47dd243adfe8a83616e27cf03164960b507530f155db94e10b36a6cd6724",
                "sha256:f43bfe3eea7e0d73e8b5d07d6407ab47f2476ccaeff6937c84275cd30b016738"
            ],
            "index": "pypi",
            "version": "==0.11.1"
        },
        "pycodestyle": {
            "hashes": [
                "sha256:2295e7b2f6b5bd100585ebcb1f616591b652db8a741695b3d8f5d28bdc934367",
                "sha256:c58a7d2815e0e8d7972bf1803331fb0152f867bd89adf8a01dfd55085434192e"
            ],
            "markers": "python_version >= '2.7' and python_version not in '3.0, 3.1, 3.2, 3.3'",
            "version": "==2.6.0"
        },
        "pyflakes": {
            "hashes": [
                "sha256:0d94e0e05a19e57a99444b6ddcf9a6eb2e5c68d3ca1e98e90707af8152c90a92",
                "sha256:35b2d75ee967ea93b55750aa9edbbf72813e06a66ba54438df2cfac9e3c27fc8"
            ],
            "markers": "python_version >= '2.7' and python_version not in '3.0, 3.1, 3.2, 3.3'",
            "version": "==2.2.0"
        },
        "toml": {
            "hashes": [
                "sha256:806143ae5bfb6a3c6e736a764057db0e6a0e05e338b5630894a5f779cabb4f9b",
                "sha256:b3bda1d108d5dd99f4a20d24d9c348e91c4db7ab1b749200bded2f839ccbe68f"
            ],
            "markers": "python_version >= '2.6' and python_version not in '3.0, 3.1, 3.2, 3.3'",
            "version": "==0.10.2"
        },
        "typed-ast": {
            "hashes": [
                "sha256:01ae5f73431d21eead5015997ab41afa53aa1fbe252f9da060be5dad2c730ace",
                "sha256:067a74454df670dcaa4e59349a2e5c81e567d8d65458d480a5b3dfecec08c5ff",
                "sha256:0fb71b8c643187d7492c1f8352f2c15b4c4af3f6338f21681d3681b3dc31a266",
                "sha256:1b3ead4a96c9101bef08f9f7d1217c096f31667617b58de957f690c92378b528",
                "sha256:2068531575a125b87a41802130fa7e29f26c09a2833fea68d9a40cf33902eba6",
                "sha256:209596a4ec71d990d71d5e0d312ac935d86930e6eecff6ccc7007fe54d703808",
                "sha256:2c726c276d09fc5c414693a2de063f521052d9ea7c240ce553316f70656c84d4",
                "sha256:398e44cd480f4d2b7ee8d98385ca104e35c81525dd98c519acff1b79bdaac363",
                "sha256:52b1eb8c83f178ab787f3a4283f68258525f8d70f778a2f6dd54d3b5e5fb4341",
                "sha256:5feca99c17af94057417d744607b82dd0a664fd5e4ca98061480fd8b14b18d04",
                "sha256:7538e495704e2ccda9b234b82423a4038f324f3a10c43bc088a1636180f11a41",
                "sha256:760ad187b1041a154f0e4d0f6aae3e40fdb51d6de16e5c99aedadd9246450e9e",
                "sha256:777a26c84bea6cd934422ac2e3b78863a37017618b6e5c08f92ef69853e765d3",
                "sha256:95431a26309a21874005845c21118c83991c63ea800dd44843e42a916aec5899",
                "sha256:9ad2c92ec681e02baf81fdfa056fe0d818645efa9af1f1cd5fd6f1bd2bdfd805",
                "sha256:9c6d1a54552b5330bc657b7ef0eae25d00ba7ffe85d9ea8ae6540d2197a3788c",
                "sha256:aee0c1256be6c07bd3e1263ff920c325b59849dc95392a05f258bb9b259cf39c",
                "sha256:af3d4a73793725138d6b334d9d247ce7e5f084d96284ed23f22ee626a7b88e39",
                "sha256:b36b4f3920103a25e1d5d024d155c504080959582b928e91cb608a65c3a49e1a",
                "sha256:b9574c6f03f685070d859e75c7f9eeca02d6933273b5e69572e5ff9d5e3931c3",
                "sha256:bff6ad71c81b3bba8fa35f0f1921fb24ff4476235a6e94a26ada2e54370e6da7",
                "sha256:c190f0899e9f9f8b6b7863debfb739abcb21a5c054f911ca3596d12b8a4c4c7f",
                "sha256:c907f561b1e83e93fad565bac5ba9c22d96a54e7ea0267c708bffe863cbe4075",
                "sha256:cae53c389825d3b46fb37538441f75d6aecc4174f615d048321b716df2757fb0",
                "sha256:dd4a21253f42b8d2b48410cb31fe501d32f8b9fbeb1f55063ad102fe9c425e40",
                "sha256:dde816ca9dac1d9c01dd504ea5967821606f02e510438120091b84e852367428",
                "sha256:f2362f3cb0f3172c42938946dbc5b7843c2a28aec307c49100c8b38764eb6927",
                "sha256:f328adcfebed9f11301eaedfa48e15bdece9b519fb27e6a8c01aa52a17ec31b3",
                "sha256:f8afcf15cc511ada719a88e013cec87c11aff7b91f019295eb4530f96fe5ef2f",
                "sha256:fb1bbeac803adea29cedd70781399c99138358c26d05fcbd23c13016b7f5ec65"
            ],
            "version": "==1.4.3"
        },
        "typing-extensions": {
            "hashes": [
                "sha256:1a9462dcc3347a79b1f1c0271fbe79e844580bb598bafa1ed208b94da3cdcd42",
                "sha256:21c85e0fe4b9a155d0799430b0ad741cdce7e359660ccbd8b530613e8df88ce2"
            ],
            "markers": "python_version >= '3.6'",
            "version": "==4.1.1"
        },
        "wheel": {
            "hashes": [
                "sha256:8788e9155fe14f54164c1b9eb0a319d98ef02c160725587ad60f14ddc57b6f96",
                "sha256:df277cb51e61359aba502208d680f90c0493adec6f0e848af94948778aed386e"
            ],
            "index": "pypi",
            "version": "==0.34.2"
        },
        "zipp": {
            "hashes": [
                "sha256:9f50f446828eb9d45b267433fd3e9da8d801f614129124863f9c51ebceafb87d",
                "sha256:b47250dd24f92b7dd6a0a8fc5244da14608f3ca90a5efcd37a3b1642fac9a375"
            ],
            "markers": "python_version >= '3.7'",
            "version": "==3.7.0"
        }
    }
}
